{
  "name": "shared",
  "lockfileVersion": 3,
  "requires": true,
  "packages": {
    "": {
      "dependencies": {
        "@fontsource/fredoka-one": "^5.0.5"
      }
    },
    "node_modules/@fontsource/fredoka-one": {
      "version": "5.0.5",
      "resolved": "https://registry.npmjs.org/@fontsource/fredoka-one/-/fredoka-one-5.0.5.tgz",
      "integrity": "sha512-cSpibxKqsrZCGJAisYkptDcr0O+gjk8h0RQxIqoiXEhXMaI2x7wc8Zyl6HyUUTTH5wHxi0tlM7zyQ4zwADVHiw=="
    }
  }
}
